
Microsoft Visual Studio Solution File, Format Version 12.00
# Visual Studio 15
VisualStudioVersion = 15.0.26730.12
MinimumVisualStudioVersion = 10.0.40219.1
Project("{FAE04EC0-301F-11D3-BF4B-00C04F79EFBC}") = "SocialLogin.Android", "SocialLogin\SocialLogin.Android\SocialLogin.Android.csproj", "{8158698D-F06B-4C8D-BE72-F2EF92442CBE}"
EndProject
Project("{FAE04EC0-301F-11D3-BF4B-00C04F79EFBC}") = "SocialLogin", "SocialLogin\SocialLogin\SocialLogin.csproj", "{E9416909-58A7-4085-950B-D1351256CFB9}"
EndProject
Project("{FAE04EC0-301F-11D3-BF4B-00C04F79EFBC}") = "SocialLogin.UWP", "SocialLogin\SocialLogin.UWP\SocialLogin.UWP.csproj", "{69AC8890-0A0C-4AB7-B931-6191426DCFFD}"
EndProject
Project("{FAE04EC0-301F-11D3-BF4B-00C04F79EFBC}") = "SocialLogin.iOS", "SocialLogin\SocialLogin.iOS\SocialLogin.iOS.csproj", "{BF618280-2289-4F7D-92C0-178764F802D4}"
EndProject
Global
	GlobalSection(SolutionConfigurationPlatforms) = preSolution
		Ad-Hoc|Any CPU = Ad-Hoc|Any CPU
		Ad-Hoc|ARM = Ad-Hoc|ARM
		Ad-Hoc|iPhone = Ad-Hoc|iPhone
		Ad-Hoc|iPhoneSimulator = Ad-Hoc|iPhoneSimulator
		Ad-Hoc|x64 = Ad-Hoc|x64
		Ad-Hoc|x86 = Ad-Hoc|x86
		AppStore|Any CPU = AppStore|Any CPU
		AppStore|ARM = AppStore|ARM
		AppStore|iPhone = AppStore|iPhone
		AppStore|iPhoneSimulator = AppStore|iPhoneSimulator
		AppStore|x64 = AppStore|x64
		AppStore|x86 = AppStore|x86
		Debug|Any CPU = Debug|Any CPU
		Debug|ARM = Debug|ARM
		Debug|iPhone = Debug|iPhone
		Debug|iPhoneSimulator = Debug|iPhoneSimulator
		Debug|x64 = Debug|x64
		Debug|x86 = Debug|x86
		Release|Any CPU = Release|Any CPU
		Release|ARM = Release|ARM
		Release|iPhone = Release|iPhone
		Release|iPhoneSimulator = Release|iPhoneSimulator
		Release|x64 = Release|x64
		Release|x86 = Release|x86
	EndGlobalSection
	GlobalSection(ProjectConfigurationPlatforms) = postSolution
		{8158698D-F06B-4C8D-BE72-F2EF92442CBE}.Ad-Hoc|Any CPU.ActiveCfg = Release|Any CPU
		{8158698D-F06B-4C8D-BE72-F2EF92442CBE}.Ad-Hoc|Any CPU.Build.0 = Release|Any CPU
		{8158698D-F06B-4C8D-BE72-F2EF92442CBE}.Ad-Hoc|Any CPU.Deploy.0 = Release|Any CPU
		{8158698D-F06B-4C8D-BE72-F2EF92442CBE}.Ad-Hoc|ARM.ActiveCfg = Release|Any CPU
		{8158698D-F06B-4C8D-BE72-F2EF92442CBE}.Ad-Hoc|ARM.Build.0 = Release|Any CPU
		{8158698D-F06B-4C8D-BE72-F2EF92442CBE}.Ad-Hoc|ARM.Deploy.0 = Release|Any CPU
		{8158698D-F06B-4C8D-BE72-F2EF92442CBE}.Ad-Hoc|iPhone.ActiveCfg = Release|Any CPU
		{8158698D-F06B-4C8D-BE72-F2EF92442CBE}.Ad-Hoc|iPhone.Build.0 = Release|Any CPU
		{8158698D-F06B-4C8D-BE72-F2EF92442CBE}.Ad-Hoc|iPhone.Deploy.0 = Release|Any CPU
		{8158698D-F06B-4C8D-BE72-F2EF92442CBE}.Ad-Hoc|iPhoneSimulator.ActiveCfg = Release|Any CPU
		{8158698D-F06B-4C8D-BE72-F2EF92442CBE}.Ad-Hoc|iPhoneSimulator.Build.0 = Release|Any CPU
		{8158698D-F06B-4C8D-BE72-F2EF92442CBE}.Ad-Hoc|iPhoneSimulator.Deploy.0 = Release|Any CPU
		{8158698D-F06B-4C8D-BE72-F2EF92442CBE}.Ad-Hoc|x64.ActiveCfg = Release|Any CPU
		{8158698D-F06B-4C8D-BE72-F2EF92442CBE}.Ad-Hoc|x64.Build.0 = Release|Any CPU
		{8158698D-F06B-4C8D-BE72-F2EF92442CBE}.Ad-Hoc|x64.Deploy.0 = Release|Any CPU
		{8158698D-F06B-4C8D-BE72-F2EF92442CBE}.Ad-Hoc|x86.ActiveCfg = Release|Any CPU
		{8158698D-F06B-4C8D-BE72-F2EF92442CBE}.Ad-Hoc|x86.Build.0 = Release|Any CPU
		{8158698D-F06B-4C8D-BE72-F2EF92442CBE}.Ad-Hoc|x86.Deploy.0 = Release|Any CPU
		{8158698D-F06B-4C8D-BE72-F2EF92442CBE}.AppStore|Any CPU.ActiveCfg = Release|Any CPU
		{8158698D-F06B-4C8D-BE72-F2EF92442CBE}.AppStore|Any CPU.Build.0 = Release|Any CPU
		{8158698D-F06B-4C8D-BE72-F2EF92442CBE}.AppStore|Any CPU.Deploy.0 = Release|Any CPU
		{8158698D-F06B-4C8D-BE72-F2EF92442CBE}.AppStore|ARM.ActiveCfg = Release|Any CPU
		{8158698D-F06B-4C8D-BE72-F2EF92442CBE}.AppStore|ARM.Build.0 = Release|Any CPU
		{8158698D-F06B-4C8D-BE72-F2EF92442CBE}.AppStore|ARM.Deploy.0 = Release|Any CPU
		{8158698D-F06B-4C8D-BE72-F2EF92442CBE}.AppStore|iPhone.ActiveCfg = Release|Any CPU
		{8158698D-F06B-4C8D-BE72-F2EF92442CBE}.AppStore|iPhone.Build.0 = Release|Any CPU
		{8158698D-F06B-4C8D-BE72-F2EF92442CBE}.AppStore|iPhone.Deploy.0 = Release|Any CPU
		{8158698D-F06B-4C8D-BE72-F2EF92442CBE}.AppStore|iPhoneSimulator.ActiveCfg = Release|Any CPU
		{8158698D-F06B-4C8D-BE72-F2EF92442CBE}.AppStore|iPhoneSimulator.Build.0 = Release|Any CPU
		{8158698D-F06B-4C8D-BE72-F2EF92442CBE}.AppStore|iPhoneSimulator.Deploy.0 = Release|Any CPU
		{8158698D-F06B-4C8D-BE72-F2EF92442CBE}.AppStore|x64.ActiveCfg = Release|Any CPU
		{8158698D-F06B-4C8D-BE72-F2EF92442CBE}.AppStore|x64.Build.0 = Release|Any CPU
		{8158698D-F06B-4C8D-BE72-F2EF92442CBE}.AppStore|x64.Deploy.0 = Release|Any CPU
		{8158698D-F06B-4C8D-BE72-F2EF92442CBE}.AppStore|x86.ActiveCfg = Release|Any CPU
		{8158698D-F06B-4C8D-BE72-F2EF92442CBE}.AppStore|x86.Build.0 = Release|Any CPU
		{8158698D-F06B-4C8D-BE72-F2EF92442CBE}.AppStore|x86.Deploy.0 = Release|Any CPU
		{8158698D-F06B-4C8D-BE72-F2EF92442CBE}.Debug|Any CPU.ActiveCfg = Debug|Any CPU
		{8158698D-F06B-4C8D-BE72-F2EF92442CBE}.Debug|Any CPU.Build.0 = Debug|Any CPU
		{8158698D-F06B-4C8D-BE72-F2EF92442CBE}.Debug|Any CPU.Deploy.0 = Debug|Any CPU
		{8158698D-F06B-4C8D-BE72-F2EF92442CBE}.Debug|ARM.ActiveCfg = Debug|Any CPU
		{8158698D-F06B-4C8D-BE72-F2EF92442CBE}.Debug|ARM.Build.0 = Debug|Any CPU
		{8158698D-F06B-4C8D-BE72-F2EF92442CBE}.Debug|ARM.Deploy.0 = Debug|Any CPU
		{8158698D-F06B-4C8D-BE72-F2EF92442CBE}.Debug|iPhone.ActiveCfg = Debug|Any CPU
		{8158698D-F06B-4C8D-BE72-F2EF92442CBE}.Debug|iPhone.Build.0 = Debug|Any CPU
		{8158698D-F06B-4C8D-BE72-F2EF92442CBE}.Debug|iPhone.Deploy.0 = Debug|Any CPU
		{8158698D-F06B-4C8D-BE72-F2EF92442CBE}.Debug|iPhoneSimulator.ActiveCfg = Debug|Any CPU
		{8158698D-F06B-4C8D-BE72-F2EF92442CBE}.Debug|iPhoneSimulator.Build.0 = Debug|Any CPU
		{8158698D-F06B-4C8D-BE72-F2EF92442CBE}.Debug|iPhoneSimulator.Deploy.0 = Debug|Any CPU
		{8158698D-F06B-4C8D-BE72-F2EF92442CBE}.Debug|x64.ActiveCfg = Debug|Any CPU
		{8158698D-F06B-4C8D-BE72-F2EF92442CBE}.Debug|x64.Build.0 = Debug|Any CPU
		{8158698D-F06B-4C8D-BE72-F2EF92442CBE}.Debug|x64.Deploy.0 = Debug|Any CPU
		{8158698D-F06B-4C8D-BE72-F2EF92442CBE}.Debug|x86.ActiveCfg = Debug|Any CPU
		{8158698D-F06B-4C8D-BE72-F2EF92442CBE}.Debug|x86.Build.0 = Debug|Any CPU
		{8158698D-F06B-4C8D-BE72-F2EF92442CBE}.Debug|x86.Deploy.0 = Debug|Any CPU
		{8158698D-F06B-4C8D-BE72-F2EF92442CBE}.Release|Any CPU.ActiveCfg = Release|Any CPU
		{8158698D-F06B-4C8D-BE72-F2EF92442CBE}.Release|Any CPU.Build.0 = Release|Any CPU
		{8158698D-F06B-4C8D-BE72-F2EF92442CBE}.Release|Any CPU.Deploy.0 = Release|Any CPU
		{8158698D-F06B-4C8D-BE72-F2EF92442CBE}.Release|ARM.ActiveCfg = Release|Any CPU
		{8158698D-F06B-4C8D-BE72-F2EF92442CBE}.Release|ARM.Build.0 = Release|Any CPU
		{8158698D-F06B-4C8D-BE72-F2EF92442CBE}.Release|ARM.Deploy.0 = Release|Any CPU
		{8158698D-F06B-4C8D-BE72-F2EF92442CBE}.Release|iPhone.ActiveCfg = Release|Any CPU
		{8158698D-F06B-4C8D-BE72-F2EF92442CBE}.Release|iPhone.Build.0 = Release|Any CPU
		{8158698D-F06B-4C8D-BE72-F2EF92442CBE}.Release|iPhone.Deploy.0 = Release|Any CPU
		{8158698D-F06B-4C8D-BE72-F2EF92442CBE}.Release|iPhoneSimulator.ActiveCfg = Release|Any CPU
		{8158698D-F06B-4C8D-BE72-F2EF92442CBE}.Release|iPhoneSimulator.Build.0 = Release|Any CPU
		{8158698D-F06B-4C8D-BE72-F2EF92442CBE}.Release|iPhoneSimulator.Deploy.0 = Release|Any CPU
		{8158698D-F06B-4C8D-BE72-F2EF92442CBE}.Release|x64.ActiveCfg = Release|Any CPU
		{8158698D-F06B-4C8D-BE72-F2EF92442CBE}.Release|x64.Build.0 = Release|Any CPU
		{8158698D-F06B-4C8D-BE72-F2EF92442CBE}.Release|x64.Deploy.0 = Release|Any CPU
		{8158698D-F06B-4C8D-BE72-F2EF92442CBE}.Release|x86.ActiveCfg = Release|Any CPU
		{8158698D-F06B-4C8D-BE72-F2EF92442CBE}.Release|x86.Build.0 = Release|Any CPU
		{8158698D-F06B-4C8D-BE72-F2EF92442CBE}.Release|x86.Deploy.0 = Release|Any CPU
		{E9416909-58A7-4085-950B-D1351256CFB9}.Ad-Hoc|Any CPU.ActiveCfg = Release|Any CPU
		{E9416909-58A7-4085-950B-D1351256CFB9}.Ad-Hoc|Any CPU.Build.0 = Release|Any CPU
		{E9416909-58A7-4085-950B-D1351256CFB9}.Ad-Hoc|ARM.ActiveCfg = Release|Any CPU
		{E9416909-58A7-4085-950B-D1351256CFB9}.Ad-Hoc|ARM.Build.0 = Release|Any CPU
		{E9416909-58A7-4085-950B-D1351256CFB9}.Ad-Hoc|iPhone.ActiveCfg = Release|Any CPU
		{E9416909-58A7-4085-950B-D1351256CFB9}.Ad-Hoc|iPhone.Build.0 = Release|Any CPU
		{E9416909-58A7-4085-950B-D1351256CFB9}.Ad-Hoc|iPhoneSimulator.ActiveCfg = Release|Any CPU
		{E9416909-58A7-4085-950B-D1351256CFB9}.Ad-Hoc|iPhoneSimulator.Build.0 = Release|Any CPU
		{E9416909-58A7-4085-950B-D1351256CFB9}.Ad-Hoc|x64.ActiveCfg = Release|Any CPU
		{E9416909-58A7-4085-950B-D1351256CFB9}.Ad-Hoc|x64.Build.0 = Release|Any CPU
		{E9416909-58A7-4085-950B-D1351256CFB9}.Ad-Hoc|x86.ActiveCfg = Release|Any CPU
		{E9416909-58A7-4085-950B-D1351256CFB9}.Ad-Hoc|x86.Build.0 = Release|Any CPU
		{E9416909-58A7-4085-950B-D1351256CFB9}.AppStore|Any CPU.ActiveCfg = Release|Any CPU
		{E9416909-58A7-4085-950B-D1351256CFB9}.AppStore|Any CPU.Build.0 = Release|Any CPU
		{E9416909-58A7-4085-950B-D1351256CFB9}.AppStore|ARM.ActiveCfg = Release|Any CPU
		{E9416909-58A7-4085-950B-D1351256CFB9}.AppStore|ARM.Build.0 = Release|Any CPU
		{E9416909-58A7-4085-950B-D1351256CFB9}.AppStore|iPhone.ActiveCfg = Release|Any CPU
		{E9416909-58A7-4085-950B-D1351256CFB9}.AppStore|iPhone.Build.0 = Release|Any CPU
		{E9416909-58A7-4085-950B-D1351256CFB9}.AppStore|iPhoneSimulator.ActiveCfg = Release|Any CPU
		{E9416909-58A7-4085-950B-D1351256CFB9}.AppStore|iPhoneSimulator.Build.0 = Release|Any CPU
		{E9416909-58A7-4085-950B-D1351256CFB9}.AppStore|x64.ActiveCfg = Release|Any CPU
		{E9416909-58A7-4085-950B-D1351256CFB9}.AppStore|x64.Build.0 = Release|Any CPU
		{E9416909-58A7-4085-950B-D1351256CFB9}.AppStore|x86.ActiveCfg = Release|Any CPU
		{E9416909-58A7-4085-950B-D1351256CFB9}.AppStore|x86.Build.0 = Release|Any CPU
		{E9416909-58A7-4085-950B-D1351256CFB9}.Debug|Any CPU.ActiveCfg = Debug|Any CPU
		{E9416909-58A7-4085-950B-D1351256CFB9}.Debug|Any CPU.Build.0 = Debug|Any CPU
		{E9416909-58A7-4085-950B-D1351256CFB9}.Debug|ARM.ActiveCfg = Debug|Any CPU
		{E9416909-58A7-4085-950B-D1351256CFB9}.Debug|ARM.Build.0 = Debug|Any CPU
		{E9416909-58A7-4085-950B-D1351256CFB9}.Debug|iPhone.ActiveCfg = Debug|Any CPU
		{E9416909-58A7-4085-950B-D1351256CFB9}.Debug|iPhone.Build.0 = Debug|Any CPU
		{E9416909-58A7-4085-950B-D1351256CFB9}.Debug|iPhoneSimulator.ActiveCfg = Debug|Any CPU
		{E9416909-58A7-4085-950B-D1351256CFB9}.Debug|iPhoneSimulator.Build.0 = Debug|Any CPU
		{E9416909-58A7-4085-950B-D1351256CFB9}.Debug|x64.ActiveCfg = Debug|Any CPU
		{E9416909-58A7-4085-950B-D1351256CFB9}.Debug|x64.Build.0 = Debug|Any CPU
		{E9416909-58A7-4085-950B-D1351256CFB9}.Debug|x86.ActiveCfg = Debug|Any CPU
		{E9416909-58A7-4085-950B-D1351256CFB9}.Debug|x86.Build.0 = Debug|Any CPU
		{E9416909-58A7-4085-950B-D1351256CFB9}.Release|Any CPU.ActiveCfg = Release|Any CPU
		{E9416909-58A7-4085-950B-D1351256CFB9}.Release|Any CPU.Build.0 = Release|Any CPU
		{E9416909-58A7-4085-950B-D1351256CFB9}.Release|ARM.ActiveCfg = Release|Any CPU
		{E9416909-58A7-4085-950B-D1351256CFB9}.Release|ARM.Build.0 = Release|Any CPU
		{E9416909-58A7-4085-950B-D1351256CFB9}.Release|iPhone.ActiveCfg = Release|Any CPU
		{E9416909-58A7-4085-950B-D1351256CFB9}.Release|iPhone.Build.0 = Release|Any CPU
		{E9416909-58A7-4085-950B-D1351256CFB9}.Release|iPhoneSimulator.ActiveCfg = Release|Any CPU
		{E9416909-58A7-4085-950B-D1351256CFB9}.Release|iPhoneSimulator.Build.0 = Release|Any CPU
		{E9416909-58A7-4085-950B-D1351256CFB9}.Release|x64.ActiveCfg = Release|Any CPU
		{E9416909-58A7-4085-950B-D1351256CFB9}.Release|x64.Build.0 = Release|Any CPU
		{E9416909-58A7-4085-950B-D1351256CFB9}.Release|x86.ActiveCfg = Release|Any CPU
		{E9416909-58A7-4085-950B-D1351256CFB9}.Release|x86.Build.0 = Release|Any CPU
		{69AC8890-0A0C-4AB7-B931-6191426DCFFD}.Ad-Hoc|Any CPU.ActiveCfg = Release|x86
		{69AC8890-0A0C-4AB7-B931-6191426DCFFD}.Ad-Hoc|Any CPU.Build.0 = Release|x86
		{69AC8890-0A0C-4AB7-B931-6191426DCFFD}.Ad-Hoc|Any CPU.Deploy.0 = Release|x86
		{69AC8890-0A0C-4AB7-B931-6191426DCFFD}.Ad-Hoc|ARM.ActiveCfg = Release|ARM
		{69AC8890-0A0C-4AB7-B931-6191426DCFFD}.Ad-Hoc|ARM.Build.0 = Release|ARM
		{69AC8890-0A0C-4AB7-B931-6191426DCFFD}.Ad-Hoc|ARM.Deploy.0 = Release|ARM
		{69AC8890-0A0C-4AB7-B931-6191426DCFFD}.Ad-Hoc|iPhone.ActiveCfg = Release|x86
		{69AC8890-0A0C-4AB7-B931-6191426DCFFD}.Ad-Hoc|iPhone.Build.0 = Release|x86
		{69AC8890-0A0C-4AB7-B931-6191426DCFFD}.Ad-Hoc|iPhone.Deploy.0 = Release|x86
		{69AC8890-0A0C-4AB7-B931-6191426DCFFD}.Ad-Hoc|iPhoneSimulator.ActiveCfg = Release|x86
		{69AC8890-0A0C-4AB7-B931-6191426DCFFD}.Ad-Hoc|iPhoneSimulator.Build.0 = Release|x86
		{69AC8890-0A0C-4AB7-B931-6191426DCFFD}.Ad-Hoc|iPhoneSimulator.Deploy.0 = Release|x86
		{69AC8890-0A0C-4AB7-B931-6191426DCFFD}.Ad-Hoc|x64.ActiveCfg = Release|x64
		{69AC8890-0A0C-4AB7-B931-6191426DCFFD}.Ad-Hoc|x64.Build.0 = Release|x64
		{69AC8890-0A0C-4AB7-B931-6191426DCFFD}.Ad-Hoc|x64.Deploy.0 = Release|x64
		{69AC8890-0A0C-4AB7-B931-6191426DCFFD}.Ad-Hoc|x86.ActiveCfg = Release|x86
		{69AC8890-0A0C-4AB7-B931-6191426DCFFD}.Ad-Hoc|x86.Build.0 = Release|x86
		{69AC8890-0A0C-4AB7-B931-6191426DCFFD}.Ad-Hoc|x86.Deploy.0 = Release|x86
		{69AC8890-0A0C-4AB7-B931-6191426DCFFD}.AppStore|Any CPU.ActiveCfg = Release|x86
		{69AC8890-0A0C-4AB7-B931-6191426DCFFD}.AppStore|Any CPU.Build.0 = Release|x86
		{69AC8890-0A0C-4AB7-B931-6191426DCFFD}.AppStore|Any CPU.Deploy.0 = Release|x86
		{69AC8890-0A0C-4AB7-B931-6191426DCFFD}.AppStore|ARM.ActiveCfg = Release|ARM
		{69AC8890-0A0C-4AB7-B931-6191426DCFFD}.AppStore|ARM.Build.0 = Release|ARM
		{69AC8890-0A0C-4AB7-B931-6191426DCFFD}.AppStore|ARM.Deploy.0 = Release|ARM
		{69AC8890-0A0C-4AB7-B931-6191426DCFFD}.AppStore|iPhone.ActiveCfg = Release|x86
		{69AC8890-0A0C-4AB7-B931-6191426DCFFD}.AppStore|iPhone.Build.0 = Release|x86
		{69AC8890-0A0C-4AB7-B931-6191426DCFFD}.AppStore|iPhone.Deploy.0 = Release|x86
		{69AC8890-0A0C-4AB7-B931-6191426DCFFD}.AppStore|iPhoneSimulator.ActiveCfg = Release|x86
		{69AC8890-0A0C-4AB7-B931-6191426DCFFD}.AppStore|iPhoneSimulator.Build.0 = Release|x86
		{69AC8890-0A0C-4AB7-B931-6191426DCFFD}.AppStore|iPhoneSimulator.Deploy.0 = Release|x86
		{69AC8890-0A0C-4AB7-B931-6191426DCFFD}.AppStore|x64.ActiveCfg = Release|x64
		{69AC8890-0A0C-4AB7-B931-6191426DCFFD}.AppStore|x64.Build.0 = Release|x64
		{69AC8890-0A0C-4AB7-B931-6191426DCFFD}.AppStore|x64.Deploy.0 = Release|x64
		{69AC8890-0A0C-4AB7-B931-6191426DCFFD}.AppStore|x86.ActiveCfg = Release|x86
		{69AC8890-0A0C-4AB7-B931-6191426DCFFD}.AppStore|x86.Build.0 = Release|x86
		{69AC8890-0A0C-4AB7-B931-6191426DCFFD}.AppStore|x86.Deploy.0 = Release|x86
		{69AC8890-0A0C-4AB7-B931-6191426DCFFD}.Debug|Any CPU.ActiveCfg = Debug|x86
		{69AC8890-0A0C-4AB7-B931-6191426DCFFD}.Debug|ARM.ActiveCfg = Debug|ARM
		{69AC8890-0A0C-4AB7-B931-6191426DCFFD}.Debug|ARM.Build.0 = Debug|ARM
		{69AC8890-0A0C-4AB7-B931-6191426DCFFD}.Debug|ARM.Deploy.0 = Debug|ARM
		{69AC8890-0A0C-4AB7-B931-6191426DCFFD}.Debug|iPhone.ActiveCfg = Debug|x86
		{69AC8890-0A0C-4AB7-B931-6191426DCFFD}.Debug|iPhoneSimulator.ActiveCfg = Debug|x86
		{69AC8890-0A0C-4AB7-B931-6191426DCFFD}.Debug|x64.ActiveCfg = Debug|x64
		{69AC8890-0A0C-4AB7-B931-6191426DCFFD}.Debug|x64.Build.0 = Debug|x64
		{69AC8890-0A0C-4AB7-B931-6191426DCFFD}.Debug|x64.Deploy.0 = Debug|x64
		{69AC8890-0A0C-4AB7-B931-6191426DCFFD}.Debug|x86.ActiveCfg = Debug|x86
		{69AC8890-0A0C-4AB7-B931-6191426DCFFD}.Debug|x86.Build.0 = Debug|x86
		{69AC8890-0A0C-4AB7-B931-6191426DCFFD}.Debug|x86.Deploy.0 = Debug|x86
		{69AC8890-0A0C-4AB7-B931-6191426DCFFD}.Release|Any CPU.ActiveCfg = Release|x86
		{69AC8890-0A0C-4AB7-B931-6191426DCFFD}.Release|ARM.ActiveCfg = Release|ARM
		{69AC8890-0A0C-4AB7-B931-6191426DCFFD}.Release|ARM.Build.0 = Release|ARM
		{69AC8890-0A0C-4AB7-B931-6191426DCFFD}.Release|ARM.Deploy.0 = Release|ARM
		{69AC8890-0A0C-4AB7-B931-6191426DCFFD}.Release|iPhone.ActiveCfg = Release|x86
		{69AC8890-0A0C-4AB7-B931-6191426DCFFD}.Release|iPhoneSimulator.ActiveCfg = Release|x86
		{69AC8890-0A0C-4AB7-B931-6191426DCFFD}.Release|x64.ActiveCfg = Release|x64
		{69AC8890-0A0C-4AB7-B931-6191426DCFFD}.Release|x64.Build.0 = Release|x64
		{69AC8890-0A0C-4AB7-B931-6191426DCFFD}.Release|x64.Deploy.0 = Release|x64
		{69AC8890-0A0C-4AB7-B931-6191426DCFFD}.Release|x86.ActiveCfg = Release|x86
		{69AC8890-0A0C-4AB7-B931-6191426DCFFD}.Release|x86.Build.0 = Release|x86
		{69AC8890-0A0C-4AB7-B931-6191426DCFFD}.Release|x86.Deploy.0 = Release|x86
		{BF618280-2289-4F7D-92C0-178764F802D4}.Ad-Hoc|Any CPU.ActiveCfg = Ad-Hoc|iPhone
		{BF618280-2289-4F7D-92C0-178764F802D4}.Ad-Hoc|ARM.ActiveCfg = Ad-Hoc|iPhone
		{BF618280-2289-4F7D-92C0-178764F802D4}.Ad-Hoc|iPhone.ActiveCfg = Ad-Hoc|iPhone
		{BF618280-2289-4F7D-92C0-178764F802D4}.Ad-Hoc|iPhone.Build.0 = Ad-Hoc|iPhone
		{BF618280-2289-4F7D-92C0-178764F802D4}.Ad-Hoc|iPhoneSimulator.ActiveCfg = Ad-Hoc|iPhoneSimulator
		{BF618280-2289-4F7D-92C0-178764F802D4}.Ad-Hoc|iPhoneSimulator.Build.0 = Ad-Hoc|iPhoneSimulator
		{BF618280-2289-4F7D-92C0-178764F802D4}.Ad-Hoc|x64.ActiveCfg = Ad-Hoc|iPhone
		{BF618280-2289-4F7D-92C0-178764F802D4}.Ad-Hoc|x86.ActiveCfg = Ad-Hoc|iPhone
		{BF618280-2289-4F7D-92C0-178764F802D4}.AppStore|Any CPU.ActiveCfg = AppStore|iPhone
		{BF618280-2289-4F7D-92C0-178764F802D4}.AppStore|ARM.ActiveCfg = AppStore|iPhone
		{BF618280-2289-4F7D-92C0-178764F802D4}.AppStore|iPhone.ActiveCfg = AppStore|iPhone
		{BF618280-2289-4F7D-92C0-178764F802D4}.AppStore|iPhone.Build.0 = AppStore|iPhone
		{BF618280-2289-4F7D-92C0-178764F802D4}.AppStore|iPhoneSimulator.ActiveCfg = AppStore|iPhoneSimulator
		{BF618280-2289-4F7D-92C0-178764F802D4}.AppStore|iPhoneSimulator.Build.0 = AppStore|iPhoneSimulator
		{BF618280-2289-4F7D-92C0-178764F802D4}.AppStore|x64.ActiveCfg = AppStore|iPhone
		{BF618280-2289-4F7D-92C0-178764F802D4}.AppStore|x86.ActiveCfg = AppStore|iPhone
		{BF618280-2289-4F7D-92C0-178764F802D4}.Debug|Any CPU.ActiveCfg = Debug|iPhone
		{BF618280-2289-4F7D-92C0-178764F802D4}.Debug|ARM.ActiveCfg = Debug|iPhone
		{BF618280-2289-4F7D-92C0-178764F802D4}.Debug|iPhone.ActiveCfg = Debug|iPhone
		{BF618280-2289-4F7D-92C0-178764F802D4}.Debug|iPhone.Build.0 = Debug|iPhone
		{BF618280-2289-4F7D-92C0-178764F802D4}.Debug|iPhoneSimulator.ActiveCfg = Debug|iPhoneSimulator
		{BF618280-2289-4F7D-92C0-178764F802D4}.Debug|iPhoneSimulator.Build.0 = Debug|iPhoneSimulator
		{BF618280-2289-4F7D-92C0-178764F802D4}.Debug|x64.ActiveCfg = Debug|iPhone
		{BF618280-2289-4F7D-92C0-178764F802D4}.Debug|x86.ActiveCfg = Debug|iPhone
		{BF618280-2289-4F7D-92C0-178764F802D4}.Release|Any CPU.ActiveCfg = Release|iPhone
		{BF618280-2289-4F7D-92C0-178764F802D4}.Release|ARM.ActiveCfg = Release|iPhone
		{BF618280-2289-4F7D-92C0-178764F802D4}.Release|iPhone.ActiveCfg = Release|iPhone
		{BF618280-2289-4F7D-92C0-178764F802D4}.Release|iPhone.Build.0 = Release|iPhone
		{BF618280-2289-4F7D-92C0-178764F802D4}.Release|iPhoneSimulator.ActiveCfg = Release|iPhoneSimulator
		{BF618280-2289-4F7D-92C0-178764F802D4}.Release|iPhoneSimulator.Build.0 = Release|iPhoneSimulator
		{BF618280-2289-4F7D-92C0-178764F802D4}.Release|x64.ActiveCfg = Release|iPhone
		{BF618280-2289-4F7D-92C0-178764F802D4}.Release|x86.ActiveCfg = Release|iPhone
	EndGlobalSection
	GlobalSection(SolutionProperties) = preSolution
		HideSolutionNode = FALSE
	EndGlobalSection
	GlobalSection(ExtensibilityGlobals) = postSolution
		SolutionGuid = {C3A493FB-24BE-4788-A60E-B396BA6AB7CF}
	EndGlobalSection
EndGlobal
